PODS:
  - color_panel (0.0.2):
    - FlutterMacOS
  - example_plugin (0.0.3):
    - FlutterMacOS
  - file_chooser (0.0.2):
    - FlutterMacOS
  - FlutterMacOS (1.0.0)
  - menubar (0.0.2):
    - FlutterMacOS
  - path_provider_fde (0.0.1):
    - FlutterMacOS
  - shared_preferences_fde (0.0.1):
    - FlutterMacOS
  - url_launcher_fde (0.0.1):
    - FlutterMacOS
  - window_size (0.0.2):
    - FlutterMacOS

DEPENDENCIES:
  - color_panel (from `Flutter/ephemeral/.symlinks/plugins/color_panel/macos`)
  - example_plugin (from `Flutter/ephemeral/.symlinks/plugins/example_plugin/macos`)
  - file_chooser (from `Flutter/ephemeral/.symlinks/plugins/file_chooser/macos`)
  - FlutterMacOS (from `Flutter/ephemeral/.symlinks/flutter/darwin-x64`)
  - menubar (from `Flutter/ephemeral/.symlinks/plugins/menubar/macos`)
  - path_provider_fde (from `Flutter/ephemeral/.symlinks/plugins/path_provider_fde/macos`)
  - shared_preferences_fde (from `Flutter/ephemeral/.symlinks/plugins/shared_preferences_fde/macos`)
  - url_launcher_fde (from `Flutter/ephemeral/.symlinks/plugins/url_launcher_fde/macos`)
  - window_size (from `Flutter/ephemeral/.symlinks/plugins/window_size/macos`)

EXTERNAL SOURCES:
  color_panel:
    :path: Flutter/ephemeral/.symlinks/plugins/color_panel/macos
  example_plugin:
    :path: Flutter/ephemeral/.symlinks/plugins/example_plugin/macos
  file_chooser:
    :path: Flutter/ephemeral/.symlinks/plugins/file_chooser/macos
  FlutterMacOS:
    :path: Flutter/ephemeral/.symlinks/flutter/darwin-x64
  menubar:
    :path: Flutter/ephemeral/.symlinks/plugins/menubar/macos
  path_provider_fde:
    :path: Flutter/ephemeral/.symlinks/plugins/path_provider_fde/macos
  shared_preferences_fde:
    :path: Flutter/ephemeral/.symlinks/plugins/shared_preferences_fde/macos
  url_launcher_fde:
    :path: Flutter/ephemeral/.symlinks/plugins/url_launcher_fde/macos
  window_size:
    :path: Flutter/ephemeral/.symlinks/plugins/window_size/macos

SPEC CHECKSUMS:
  color_panel: aa0c449e8c5dc9a2c50b67c16771b203685acea0
  example_plugin: 47735b684ede2e4aeb69a821377704af3295c19c
  file_chooser: 24432cf5dc836722b05c11c2a0a30d19c3c9b996
  FlutterMacOS: 15bea8a44d2fa024068daa0140371c020b4b6ff9
  menubar: 4e3d461d62d775540277ce6639acafe2a111a231
  path_provider_fde: ac05eee380688ce8414a9003c3ac2d3c106dcbf8
  shared_preferences_fde: 71710025ac76ed132b9a27108b3ec0816f3a7dbb
  url_launcher_fde: 2e3afc0d9c7c0dfe63e0ef42030ec62d56096b38
  window_size: 339dafa0b27a95a62a843042038fa6c3c48de195

PODFILE CHECKSUM: 580e6d7c6c04b3286a73022616fe6dd217116f54

COCOAPODS: 1.7.1
