PODS:
  - FlutterMacOS (1.0.0)
  - menubar (0.0.2):
    - FlutterMacOS

DEPENDENCIES:
  - FlutterMacOS (from `Flutter/ephemeral`)
  - menubar (from `Flutter/ephemeral/.symlinks/plugins/menubar/macos`)

EXTERNAL SOURCES:
  FlutterMacOS:
    :path: Flutter/ephemeral
  menubar:
    :path: Flutter/ephemeral/.symlinks/plugins/menubar/macos

SPEC CHECKSUMS:
  FlutterMacOS: 8f6f14fa908a6fb3fba0cd85dbd81ec4b251fb24
  menubar: 4e3d461d62d775540277ce6639acafe2a111a231

PODFILE CHECKSUM: 236401fc2c932af29a9fcf0e97baeeb2d750d367

COCOAPODS: 1.11.3
