
Microsoft Visual Studio Solution File, Format Version 12.00
# Visual Studio Version 16
VisualStudioVersion = 16.0.29709.97
MinimumVisualStudioVersion = 10.0.40219.1
Project("{8BC9CEB8-8B4A-11D0-8D11-00A0C91BC942}") = "Runner", "Runner.vcxproj", "{5A827760-CF8B-408A-99A3-B6C0AD2271E7}"
	ProjectSection(ProjectDependencies) = postProject
		{6419BF13-6ECD-4CD2-9E85-E566A1F03F8F} = {6419BF13-6ECD-4CD2-9E85-E566A1F03F8F}
		{95E21B2C-C18A-4CED-8509-585CB2570FDE} = {95E21B2C-C18A-4CED-8509-585CB2570FDE}
		{FE855771-7D30-42F7-938E-C57B2AEA68D8} = {FE855771-7D30-42F7-938E-C57B2AEA68D8}
		{18F565CD-7BD5-459C-9FEB-2E2379E88105} = {18F565CD-7BD5-459C-9FEB-2E2379E88105}
		{9FDE4FCF-34A0-48B0-818B-877485F2AFEB} = {9FDE4FCF-34A0-48B0-818B-877485F2AFEB}
		{D9433AE2-FB49-48D8-A6F9-3C71021E73E4} = {D9433AE2-FB49-48D8-A6F9-3C71021E73E4}
	EndProjectSection
EndProject
Project("{8BC9CEB8-8B4A-11D0-8D11-00A0C91BC942}") = "sample", "..\..\plugins\sample\windows\plugin.vcxproj", "{95E21B2C-C18A-4CED-8509-585CB2570FDE}"
	ProjectSection(ProjectDependencies) = postProject
		{6419BF13-6ECD-4CD2-9E85-E566A1F03F8F} = {6419BF13-6ECD-4CD2-9E85-E566A1F03F8F}
	EndProjectSection
EndProject
Project("{8BC9CEB8-8B4A-11D0-8D11-00A0C91BC942}") = "url_launcher_fde", "..\..\plugins\flutter_plugins\url_launcher_fde\windows\plugin.vcxproj", "{18F565CD-7BD5-459C-9FEB-2E2379E88105}"
	ProjectSection(ProjectDependencies) = postProject
		{6419BF13-6ECD-4CD2-9E85-E566A1F03F8F} = {6419BF13-6ECD-4CD2-9E85-E566A1F03F8F}
	EndProjectSection
EndProject
Project("{8BC9CEB8-8B4A-11D0-8D11-00A0C91BC942}") = "Flutter Build", "FlutterBuild.vcxproj", "{6419BF13-6ECD-4CD2-9E85-E566A1F03F8F}"
EndProject
Project("{8BC9CEB8-8B4A-11D0-8D11-00A0C91BC942}") = "path_provider_fde", "..\..\plugins\flutter_plugins\path_provider_fde\windows\plugin.vcxproj", "{FE855771-7D30-42F7-938E-C57B2AEA68D8}"
	ProjectSection(ProjectDependencies) = postProject
		{6419BF13-6ECD-4CD2-9E85-E566A1F03F8F} = {6419BF13-6ECD-4CD2-9E85-E566A1F03F8F}
	EndProjectSection
EndProject
Project("{8BC9CEB8-8B4A-11D0-8D11-00A0C91BC942}") = "window_size", "..\..\plugins\window_size\windows\plugin.vcxproj", "{9FDE4FCF-34A0-48B0-818B-877485F2AFEB}"
	ProjectSection(ProjectDependencies) = postProject
		{6419BF13-6ECD-4CD2-9E85-E566A1F03F8F} = {6419BF13-6ECD-4CD2-9E85-E566A1F03F8F}
	EndProjectSection
EndProject
Project("{8BC9CEB8-8B4A-11D0-8D11-00A0C91BC942}") = "file_chooser", "..\..\plugins\file_chooser\windows\plugin.vcxproj", "{D9433AE2-FB49-48D8-A6F9-3C71021E73E4}"
	ProjectSection(ProjectDependencies) = postProject
		{6419BF13-6ECD-4CD2-9E85-E566A1F03F8F} = {6419BF13-6ECD-4CD2-9E85-E566A1F03F8F}
	EndProjectSection
EndProject
Global
	GlobalSection(SolutionConfigurationPlatforms) = preSolution
		Debug|x64 = Debug|x64
		Release|x64 = Release|x64
	EndGlobalSection
	GlobalSection(ProjectConfigurationPlatforms) = postSolution
		{5A827760-CF8B-408A-99A3-B6C0AD2271E7}.Debug|x64.ActiveCfg = Debug|x64
		{5A827760-CF8B-408A-99A3-B6C0AD2271E7}.Debug|x64.Build.0 = Debug|x64
		{5A827760-CF8B-408A-99A3-B6C0AD2271E7}.Release|x64.ActiveCfg = Release|x64
		{5A827760-CF8B-408A-99A3-B6C0AD2271E7}.Release|x64.Build.0 = Release|x64
		{95E21B2C-C18A-4CED-8509-585CB2570FDE}.Debug|x64.ActiveCfg = Debug|x64
		{95E21B2C-C18A-4CED-8509-585CB2570FDE}.Debug|x64.Build.0 = Debug|x64
		{95E21B2C-C18A-4CED-8509-585CB2570FDE}.Release|x64.ActiveCfg = Release|x64
		{95E21B2C-C18A-4CED-8509-585CB2570FDE}.Release|x64.Build.0 = Release|x64
		{18F565CD-7BD5-459C-9FEB-2E2379E88105}.Debug|x64.ActiveCfg = Debug|x64
		{18F565CD-7BD5-459C-9FEB-2E2379E88105}.Debug|x64.Build.0 = Debug|x64
		{18F565CD-7BD5-459C-9FEB-2E2379E88105}.Release|x64.ActiveCfg = Release|x64
		{18F565CD-7BD5-459C-9FEB-2E2379E88105}.Release|x64.Build.0 = Release|x64
		{6419BF13-6ECD-4CD2-9E85-E566A1F03F8F}.Debug|x64.ActiveCfg = Debug|x64
		{6419BF13-6ECD-4CD2-9E85-E566A1F03F8F}.Debug|x64.Build.0 = Debug|x64
		{6419BF13-6ECD-4CD2-9E85-E566A1F03F8F}.Release|x64.ActiveCfg = Release|x64
		{6419BF13-6ECD-4CD2-9E85-E566A1F03F8F}.Release|x64.Build.0 = Release|x64
		{FE855771-7D30-42F7-938E-C57B2AEA68D8}.Debug|x64.ActiveCfg = Debug|x64
		{FE855771-7D30-42F7-938E-C57B2AEA68D8}.Debug|x64.Build.0 = Debug|x64
		{FE855771-7D30-42F7-938E-C57B2AEA68D8}.Release|x64.ActiveCfg = Release|x64
		{FE855771-7D30-42F7-938E-C57B2AEA68D8}.Release|x64.Build.0 = Release|x64
		{9FDE4FCF-34A0-48B0-818B-877485F2AFEB}.Debug|x64.ActiveCfg = Debug|x64
		{9FDE4FCF-34A0-48B0-818B-877485F2AFEB}.Debug|x64.Build.0 = Debug|x64
		{9FDE4FCF-34A0-48B0-818B-877485F2AFEB}.Release|x64.ActiveCfg = Release|x64
		{9FDE4FCF-34A0-48B0-818B-877485F2AFEB}.Release|x64.Build.0 = Release|x64
		{D9433AE2-FB49-48D8-A6F9-3C71021E73E4}.Debug|x64.ActiveCfg = Debug|x64
		{D9433AE2-FB49-48D8-A6F9-3C71021E73E4}.Debug|x64.Build.0 = Debug|x64
		{D9433AE2-FB49-48D8-A6F9-3C71021E73E4}.Release|x64.ActiveCfg = Release|x64
		{D9433AE2-FB49-48D8-A6F9-3C71021E73E4}.Release|x64.Build.0 = Release|x64
	EndGlobalSection
	GlobalSection(SolutionProperties) = preSolution
		HideSolutionNode = FALSE
	EndGlobalSection
	GlobalSection(ExtensibilityGlobals) = postSolution
		SolutionGuid = {6C8A8041-10D8-4BEB-B73D-C02BCE62120B}
	EndGlobalSection
EndGlobal
