PODS:
  - FlutterMacOS (1.0.0)
  - window_utils (0.0.3):
    - FlutterMacOS

DEPENDENCIES:
  - FlutterMacOS (from `Flutter/ephemeral/.symlinks/flutter/darwin-x64`)
  - window_utils (from `Flutter/ephemeral/.symlinks/plugins/window_utils/macos`)

EXTERNAL SOURCES:
  FlutterMacOS:
    :path: Flutter/ephemeral/.symlinks/flutter/darwin-x64
  window_utils:
    :path: Flutter/ephemeral/.symlinks/plugins/window_utils/macos

SPEC CHECKSUMS:
  FlutterMacOS: 15bea8a44d2fa024068daa0140371c020b4b6ff9
  window_utils: 30d6f8e67c0732ebd021c020cb2634e1da2d8bc6

PODFILE CHECKSUM: d8ba9b3e9e93c62c74a660b46c6fcb09f03991a7

COCOAPODS: 1.8.4
